// !$*UTF8*$!
{
	archiveVersion = 1;
	classes = {
	};
	objectVersion = 56;
	objects = {

/* Begin PBXBuildFile section */
		27FA58542B316C28004AC34A /* AppDelegate.swift in Sources */ = {isa = PBXBuildFile; fileRef = 27FA58532B316C28004AC34A /* AppDelegate.swift */; };
		27FA58562B316C28004AC34A /* SceneDelegate.swift in Sources */ = {isa = PBXBuildFile; fileRef = 27FA58552B316C28004AC34A /* SceneDelegate.swift */; };
		27FA58582B316C28004AC34A /* TabBarViewController.swift in Sources */ = {isa = PBXBuildFile; fileRef = 27FA58572B316C28004AC34A /* TabBarViewController.swift */; };
		27FA585D2B316C2B004AC34A /* Assets.xcassets in Resources */ = {isa = PBXBuildFile; fileRef = 27FA585C2B316C2B004AC34A /* Assets.xcassets */; };
		27FA58602B316C2B004AC34A /* LaunchScreen.storyboard in Resources */ = {isa = PBXBuildFile; fileRef = 27FA585E2B316C2B004AC34A /* LaunchScreen.storyboard */; };
		27FA586D2B317274004AC34A /* MainViewController.swift in Sources */ = {isa = PBXBuildFile; fileRef = 27FA586C2B317274004AC34A /* MainViewController.swift */; };
		27FA58702B317338004AC34A /* BasketViewController.swift in Sources */ = {isa = PBXBuildFile; fileRef = 27FA586F2B317338004AC34A /* BasketViewController.swift */; };
		27FA58732B3173AF004AC34A /* HistoryViewController.swift in Sources */ = {isa = PBXBuildFile; fileRef = 27FA58722B3173AF004AC34A /* HistoryViewController.swift */; };
		27FA58762B3173F3004AC34A /* InfoViewController.swift in Sources */ = {isa = PBXBuildFile; fileRef = 27FA58752B3173F3004AC34A /* InfoViewController.swift */; };
		27FA58782B31741F004AC34A /* TabItem.swift in Sources */ = {isa = PBXBuildFile; fileRef = 27FA58772B31741F004AC34A /* TabItem.swift */; };
		27FA587B2B318812004AC34A /* SnapKit in Frameworks */ = {isa = PBXBuildFile; productRef = 27FA587A2B318812004AC34A /* SnapKit */; };
		27FA587D2B318812004AC34A /* SnapKit-Dynamic in Frameworks */ = {isa = PBXBuildFile; productRef = 27FA587C2B318812004AC34A /* SnapKit-Dynamic */; };
		27FE503D2B32B5870075BBE9 /* AppFont.swift in Sources */ = {isa = PBXBuildFile; fileRef = 27FE503C2B32B5870075BBE9 /* AppFont.swift */; };
		27FE503E2B32B6B60075BBE9 /* TTNormsPro-Regular.ttf in Resources */ = {isa = PBXBuildFile; fileRef = 27FE503B2B32B5160075BBE9 /* TTNormsPro-Regular.ttf */; };
		27FE503F2B32B6B90075BBE9 /* TTNormsPro-Medium.ttf in Resources */ = {isa = PBXBuildFile; fileRef = 27FE503A2B32B50B0075BBE9 /* TTNormsPro-Medium.ttf */; };
		27FE50402B32B6BB0075BBE9 /* TTNormsPro-Bold.ttf in Resources */ = {isa = PBXBuildFile; fileRef = 27FE50392B32B4FF0075BBE9 /* TTNormsPro-Bold.ttf */; };
		27FE50422B32BD630075BBE9 /* MainCollectionViewCell.swift in Sources */ = {isa = PBXBuildFile; fileRef = 27FE50412B32BD630075BBE9 /* MainCollectionViewCell.swift */; };
		27FE50442B32BFD90075BBE9 /* MainHeaderView.swift in Sources */ = {isa = PBXBuildFile; fileRef = 27FE50432B32BFD90075BBE9 /* MainHeaderView.swift */; };
		27FE50462B32C4E20075BBE9 /* CategoryModel.swift in Sources */ = {isa = PBXBuildFile; fileRef = 27FE50452B32C4E20075BBE9 /* CategoryModel.swift */; };
/* End PBXBuildFile section */

/* Begin PBXFileReference section */
		27FA58502B316C28004AC34A /* Market.app */ = {isa = PBXFileReference; explicitFileType = wrapper.application; includeInIndex = 0; path = Market.app; sourceTree = BUILT_PRODUCTS_DIR; };
		27FA58532B316C28004AC34A /* AppDelegate.swift */ = {isa = PBXFileReference; lastKnownFileType = sourcecode.swift; path = AppDelegate.swift; sourceTree = "<group>"; };
		27FA58552B316C28004AC34A /* SceneDelegate.swift */ = {isa = PBXFileReference; lastKnownFileType = sourcecode.swift; path = SceneDelegate.swift; sourceTree = "<group>"; };
		27FA58572B316C28004AC34A /* TabBarViewController.swift */ = {isa = PBXFileReference; lastKnownFileType = sourcecode.swift; path = TabBarViewController.swift; sourceTree = "<group>"; };
		27FA585C2B316C2B004AC34A /* Assets.xcassets */ = {isa = PBXFileReference; lastKnownFileType = folder.assetcatalog; path = Assets.xcassets; sourceTree = "<group>"; };
		27FA585F2B316C2B004AC34A /* Base */ = {isa = PBXFileReference; lastKnownFileType = file.storyboard; name = Base; path = Base.lproj/LaunchScreen.storyboard; sourceTree = "<group>"; };
		27FA58612B316C2B004AC34A /* Info.plist */ = {isa = PBXFileReference; lastKnownFileType = text.plist.xml; path = Info.plist; sourceTree = "<group>"; };
		27FA586C2B317274004AC34A /* MainViewController.swift */ = {isa = PBXFileReference; lastKnownFileType = sourcecode.swift; path = MainViewController.swift; sourceTree = "<group>"; };
		27FA586F2B317338004AC34A /* BasketViewController.swift */ = {isa = PBXFileReference; lastKnownFileType = sourcecode.swift; path = BasketViewController.swift; sourceTree = "<group>"; };
		27FA58722B3173AF004AC34A /* HistoryViewController.swift */ = {isa = PBXFileReference; lastKnownFileType = sourcecode.swift; path = HistoryViewController.swift; sourceTree = "<group>"; };
		27FA58752B3173F3004AC34A /* InfoViewController.swift */ = {isa = PBXFileReference; lastKnownFileType = sourcecode.swift; path = InfoViewController.swift; sourceTree = "<group>"; };
		27FA58772B31741F004AC34A /* TabItem.swift */ = {isa = PBXFileReference; lastKnownFileType = sourcecode.swift; path = TabItem.swift; sourceTree = "<group>"; };
		27FE50392B32B4FF0075BBE9 /* TTNormsPro-Bold.ttf */ = {isa = PBXFileReference; lastKnownFileType = file; path = "TTNormsPro-Bold.ttf"; sourceTree = "<group>"; };
		27FE503A2B32B50B0075BBE9 /* TTNormsPro-Medium.ttf */ = {isa = PBXFileReference; lastKnownFileType = file; path = "TTNormsPro-Medium.ttf"; sourceTree = "<group>"; };
		27FE503B2B32B5160075BBE9 /* TTNormsPro-Regular.ttf */ = {isa = PBXFileReference; lastKnownFileType = file; path = "TTNormsPro-Regular.ttf"; sourceTree = "<group>"; };
		27FE503C2B32B5870075BBE9 /* AppFont.swift */ = {isa = PBXFileReference; lastKnownFileType = sourcecode.swift; path = AppFont.swift; sourceTree = "<group>"; };
		27FE50412B32BD630075BBE9 /* MainCollectionViewCell.swift */ = {isa = PBXFileReference; lastKnownFileType = sourcecode.swift; path = MainCollectionViewCell.swift; sourceTree = "<group>"; };
		27FE50432B32BFD90075BBE9 /* MainHeaderView.swift */ = {isa = PBXFileReference; lastKnownFileType = sourcecode.swift; path = MainHeaderView.swift; sourceTree = "<group>"; };
		27FE50452B32C4E20075BBE9 /* CategoryModel.swift */ = {isa = PBXFileReference; lastKnownFileType = sourcecode.swift; path = CategoryModel.swift; sourceTree = "<group>"; };
/* End PBXFileReference section */

/* Begin PBXFrameworksBuildPhase section */
		27FA584D2B316C28004AC34A /* Frameworks */ = {
			isa = PBXFrameworksBuildPhase;
			buildActionMask = 2147483647;
			files = (
				27FA587B2B318812004AC34A /* SnapKit in Frameworks */,
				27FA587D2B318812004AC34A /* SnapKit-Dynamic in Frameworks */,
			);
			runOnlyForDeploymentPostprocessing = 0;
		};
/* End PBXFrameworksBuildPhase section */

/* Begin PBXGroup section */
		27FA58472B316C28004AC34A = {
			isa = PBXGroup;
			children = (
				27FA58522B316C28004AC34A /* Market */,
				27FA58512B316C28004AC34A /* Products */,
			);
			sourceTree = "<group>";
		};
		27FA58512B316C28004AC34A /* Products */ = {
			isa = PBXGroup;
			children = (
				27FA58502B316C28004AC34A /* Market.app */,
			);
			name = Products;
			sourceTree = "<group>";
		};
		27FA58522B316C28004AC34A /* Market */ = {
			isa = PBXGroup;
			children = (
				27FA58672B316D6B004AC34A /* App */,
				27FA58682B316D94004AC34A /* Resources */,
				27FA586A2B316FA7004AC34A /* TabBar */,
				27FA586B2B31723B004AC34A /* Main */,
				27FA586E2B317325004AC34A /* Basket */,
				27FA58712B317395004AC34A /* History */,
				27FA58742B3173E3004AC34A /* Info */,
			);
			path = Market;
			sourceTree = "<group>";
		};
		27FA58672B316D6B004AC34A /* App */ = {
			isa = PBXGroup;
			children = (
				27FA58532B316C28004AC34A /* AppDelegate.swift */,
				27FA58552B316C28004AC34A /* SceneDelegate.swift */,
			);
			path = App;
			sourceTree = "<group>";
		};
		27FA58682B316D94004AC34A /* Resources */ = {
			isa = PBXGroup;
			children = (
				27FE50382B32B4E90075BBE9 /* Fonts */,
				27FA585C2B316C2B004AC34A /* Assets.xcassets */,
				27FA585E2B316C2B004AC34A /* LaunchScreen.storyboard */,
				27FA58612B316C2B004AC34A /* Info.plist */,
				27FE503C2B32B5870075BBE9 /* AppFont.swift */,
			);
			path = Resources;
			sourceTree = "<group>";
		};
		27FA586A2B316FA7004AC34A /* TabBar */ = {
			isa = PBXGroup;
			children = (
				27FA58572B316C28004AC34A /* TabBarViewController.swift */,
				27FA58772B31741F004AC34A /* TabItem.swift */,
			);
			path = TabBar;
			sourceTree = "<group>";
		};
		27FA586B2B31723B004AC34A /* Main */ = {
			isa = PBXGroup;
			children = (
				27FE50452B32C4E20075BBE9 /* CategoryModel.swift */,
				27FE50432B32BFD90075BBE9 /* MainHeaderView.swift */,
				27FE50412B32BD630075BBE9 /* MainCollectionViewCell.swift */,
				27FA586C2B317274004AC34A /* MainViewController.swift */,
			);
			path = Main;
			sourceTree = "<group>";
		};
		27FA586E2B317325004AC34A /* Basket */ = {
			isa = PBXGroup;
			children = (
				27FA586F2B317338004AC34A /* BasketViewController.swift */,
			);
			path = Basket;
			sourceTree = "<group>";
		};
		27FA58712B317395004AC34A /* History */ = {
			isa = PBXGroup;
			children = (
				27FA58722B3173AF004AC34A /* HistoryViewController.swift */,
			);
			path = History;
			sourceTree = "<group>";
		};
		27FA58742B3173E3004AC34A /* Info */ = {
			isa = PBXGroup;
			children = (
				27FA58752B3173F3004AC34A /* InfoViewController.swift */,
			);
			path = Info;
			sourceTree = "<group>";
		};
		27FE50382B32B4E90075BBE9 /* Fonts */ = {
			isa = PBXGroup;
			children = (
				27FE503B2B32B5160075BBE9 /* TTNormsPro-Regular.ttf */,
				27FE503A2B32B50B0075BBE9 /* TTNormsPro-Medium.ttf */,
				27FE50392B32B4FF0075BBE9 /* TTNormsPro-Bold.ttf */,
			);
			path = Fonts;
			sourceTree = "<group>";
		};
/* End PBXGroup section */

/* Begin PBXNativeTarget section */
		27FA584F2B316C28004AC34A /* Market */ = {
			isa = PBXNativeTarget;
			buildConfigurationList = 27FA58642B316C2B004AC34A /* Build configuration list for PBXNativeTarget "Market" */;
			buildPhases = (
				27FA584C2B316C28004AC34A /* Sources */,
				27FA584D2B316C28004AC34A /* Frameworks */,
				27FA584E2B316C28004AC34A /* Resources */,
			);
			buildRules = (
			);
			dependencies = (
			);
			name = Market;
			packageProductDependencies = (
				27FA587A2B318812004AC34A /* SnapKit */,
				27FA587C2B318812004AC34A /* SnapKit-Dynamic */,
			);
			productName = Market;
			productReference = 27FA58502B316C28004AC34A /* Market.app */;
			productType = "com.apple.product-type.application";
		};
/* End PBXNativeTarget section */

/* Begin PBXProject section */
		27FA58482B316C28004AC34A /* Project object */ = {
			isa = PBXProject;
			attributes = {
				BuildIndependentTargetsInParallel = 1;
				LastSwiftUpdateCheck = 1500;
				LastUpgradeCheck = 1500;
				TargetAttributes = {
					27FA584F2B316C28004AC34A = {
						CreatedOnToolsVersion = 15.0.1;
					};
				};
			};
			buildConfigurationList = 27FA584B2B316C28004AC34A /* Build configuration list for PBXProject "Market" */;
			compatibilityVersion = "Xcode 14.0";
			developmentRegion = en;
			hasScannedForEncodings = 0;
			knownRegions = (
				en,
				Base,
			);
			mainGroup = 27FA58472B316C28004AC34A;
			packageReferences = (
				27FA58792B318812004AC34A /* XCRemoteSwiftPackageReference "SnapKit" */,
			);
			productRefGroup = 27FA58512B316C28004AC34A /* Products */;
			projectDirPath = "";
			projectRoot = "";
			targets = (
				27FA584F2B316C28004AC34A /* Market */,
			);
		};
/* End PBXProject section */

/* Begin PBXResourcesBuildPhase section */
		27FA584E2B316C28004AC34A /* Resources */ = {
			isa = PBXResourcesBuildPhase;
			buildActionMask = 2147483647;
			files = (
				27FA58602B316C2B004AC34A /* LaunchScreen.storyboard in Resources */,
				27FA585D2B316C2B004AC34A /* Assets.xcassets in Resources */,
				27FE50402B32B6BB0075BBE9 /* TTNormsPro-Bold.ttf in Resources */,
				27FE503E2B32B6B60075BBE9 /* TTNormsPro-Regular.ttf in Resources */,
				27FE503F2B32B6B90075BBE9 /* TTNormsPro-Medium.ttf in Resources */,
			);
			runOnlyForDeploymentPostprocessing = 0;
		};
/* End PBXResourcesBuildPhase section */

/* Begin PBXSourcesBuildPhase section */
		27FA584C2B316C28004AC34A /* Sources */ = {
			isa = PBXSourcesBuildPhase;
			buildActionMask = 2147483647;
			files = (
				27FA58702B317338004AC34A /* BasketViewController.swift in Sources */,
				27FE50462B32C4E20075BBE9 /* CategoryModel.swift in Sources */,
				27FA58582B316C28004AC34A /* TabBarViewController.swift in Sources */,
				27FE503D2B32B5870075BBE9 /* AppFont.swift in Sources */,
				27FA58542B316C28004AC34A /* AppDelegate.swift in Sources */,
				27FA58762B3173F3004AC34A /* InfoViewController.swift in Sources */,
				27FA58732B3173AF004AC34A /* HistoryViewController.swift in Sources */,
				27FE50442B32BFD90075BBE9 /* MainHeaderView.swift in Sources */,
				27FA58562B316C28004AC34A /* SceneDelegate.swift in Sources */,
				27FE50422B32BD630075BBE9 /* MainCollectionViewCell.swift in Sources */,
				27FA58782B31741F004AC34A /* TabItem.swift in Sources */,
				27FA586D2B317274004AC34A /* MainViewController.swift in Sources */,
			);
			runOnlyForDeploymentPostprocessing = 0;
		};
/* End PBXSourcesBuildPhase section */

/* Begin PBXVariantGroup section */
		27FA585E2B316C2B004AC34A /* LaunchScreen.storyboard */ = {
			isa = PBXVariantGroup;
			children = (
				27FA585F2B316C2B004AC34A /* Base */,
			);
			name = LaunchScreen.storyboard;
			sourceTree = "<group>";
		};
/* End PBXVariantGroup section */

/* Begin XCBuildConfiguration section */
		27FA58622B316C2B004AC34A /* Debug */ = {
			isa = XCBuildConfiguration;
			buildSettings = {
				ALWAYS_SEARCH_USER_PATHS = NO;
				ASSETCATALOG_COMPILER_GENERATE_SWIFT_ASSET_SYMBOL_EXTENSIONS = YES;
				CLANG_ANALYZER_NONNULL = YES;
				CLANG_ANALYZER_NUMBER_OBJECT_CONVERSION = YES_AGGRESSIVE;
				CLANG_CXX_LANGUAGE_STANDARD = "gnu++20";
				CLANG_ENABLE_MODULES = YES;
				CLANG_ENABLE_OBJC_ARC = YES;
				CLANG_ENABLE_OBJC_WEAK = YES;
				CLANG_WARN_BLOCK_CAPTURE_AUTORELEASING = YES;
				CLANG_WARN_BOOL_CONVERSION = YES;
				CLANG_WARN_COMMA = YES;
				CLANG_WARN_CONSTANT_CONVERSION = YES;
				CLANG_WARN_DEPRECATED_OBJC_IMPLEMENTATIONS = YES;
				CLANG_WARN_DIRECT_OBJC_ISA_USAGE = YES_ERROR;
				CLANG_WARN_DOCUMENTATION_COMMENTS = YES;
				CLANG_WARN_EMPTY_BODY = YES;
				CLANG_WARN_ENUM_CONVERSION = YES;
				CLANG_WARN_INFINITE_RECURSION = YES;
				CLANG_WARN_INT_CONVERSION = YES;
				CLANG_WARN_NON_LITERAL_NULL_CONVERSION = YES;
				CLANG_WARN_OBJC_IMPLICIT_RETAIN_SELF = YES;
				CLANG_WARN_OBJC_LITERAL_CONVERSION = YES;
				CLANG_WARN_OBJC_ROOT_CLASS = YES_ERROR;
				CLANG_WARN_QUOTED_INCLUDE_IN_FRAMEWORK_HEADER = YES;
				CLANG_WARN_RANGE_LOOP_ANALYSIS = YES;
				CLANG_WARN_STRICT_PROTOTYPES = YES;
				CLANG_WARN_SUSPICIOUS_MOVE = YES;
				CLANG_WARN_UNGUARDED_AVAILABILITY = YES_AGGRESSIVE;
				CLANG_WARN_UNREACHABLE_CODE = YES;
				CLANG_WARN__DUPLICATE_METHOD_MATCH = YES;
				COPY_PHASE_STRIP = NO;
				DEBUG_INFORMATION_FORMAT = dwarf;
				ENABLE_STRICT_OBJC_MSGSEND = YES;
				ENABLE_TESTABILITY = YES;
				ENABLE_USER_SCRIPT_SANDBOXING = YES;
				GCC_C_LANGUAGE_STANDARD = gnu17;
				GCC_DYNAMIC_NO_PIC = NO;
				GCC_NO_COMMON_BLOCKS = YES;
				GCC_OPTIMIZATION_LEVEL = 0;
				GCC_PREPROCESSOR_DEFINITIONS = (
					"DEBUG=1",
					"$(inherited)",
				);
				GCC_WARN_64_TO_32_BIT_CONVERSION = YES;
				GCC_WARN_ABOUT_RETURN_TYPE = YES_ERROR;
				GCC_WARN_UNDECLARED_SELECTOR = YES;
				GCC_WARN_UNINITIALIZED_AUTOS = YES_AGGRESSIVE;
				GCC_WARN_UNUSED_FUNCTION = YES;
				GCC_WARN_UNUSED_VARIABLE = YES;
				IPHONEOS_DEPLOYMENT_TARGET = 17.0;
				LOCALIZATION_PREFERS_STRING_CATALOGS = YES;
				MTL_ENABLE_DEBUG_INFO = INCLUDE_SOURCE;
				MTL_FAST_MATH = YES;
				ONLY_ACTIVE_ARCH = YES;
				SDKROOT = iphoneos;
				SWIFT_ACTIVE_COMPILATION_CONDITIONS = "DEBUG $(inherited)";
				SWIFT_OPTIMIZATION_LEVEL = "-Onone";
			};
			name = Debug;
		};
		27FA58632B316C2B004AC34A /* Release */ = {
			isa = XCBuildConfiguration;
			buildSettings = {
				ALWAYS_SEARCH_USER_PATHS = NO;
				ASSETCATALOG_COMPILER_GENERATE_SWIFT_ASSET_SYMBOL_EXTENSIONS = YES;
				CLANG_ANALYZER_NONNULL = YES;
				CLANG_ANALYZER_NUMBER_OBJECT_CONVERSION = YES_AGGRESSIVE;
				CLANG_CXX_LANGUAGE_STANDARD = "gnu++20";
				CLANG_ENABLE_MODULES = YES;
				CLANG_ENABLE_OBJC_ARC = YES;
				CLANG_ENABLE_OBJC_WEAK = YES;
				CLANG_WARN_BLOCK_CAPTURE_AUTORELEASING = YES;
				CLANG_WARN_BOOL_CONVERSION = YES;
				CLANG_WARN_COMMA = YES;
				CLANG_WARN_CONSTANT_CONVERSION = YES;
				CLANG_WARN_DEPRECATED_OBJC_IMPLEMENTATIONS = YES;
				CLANG_WARN_DIRECT_OBJC_ISA_USAGE = YES_ERROR;
				CLANG_WARN_DOCUMENTATION_COMMENTS = YES;
				CLANG_WARN_EMPTY_BODY = YES;
				CLANG_WARN_ENUM_CONVERSION = YES;
				CLANG_WARN_INFINITE_RECURSION = YES;
				CLANG_WARN_INT_CONVERSION = YES;
				CLANG_WARN_NON_LITERAL_NULL_CONVERSION = YES;
				CLANG_WARN_OBJC_IMPLICIT_RETAIN_SELF = YES;
				CLANG_WARN_OBJC_LITERAL_CONVERSION = YES;
				CLANG_WARN_OBJC_ROOT_CLASS = YES_ERROR;
				CLANG_WARN_QUOTED_INCLUDE_IN_FRAMEWORK_HEADER = YES;
				CLANG_WARN_RANGE_LOOP_ANALYSIS = YES;
				CLANG_WARN_STRICT_PROTOTYPES = YES;
				CLANG_WARN_SUSPICIOUS_MOVE = YES;
				CLANG_WARN_UNGUARDED_AVAILABILITY = YES_AGGRESSIVE;
				CLANG_WARN_UNREACHABLE_CODE = YES;
				CLANG_WARN__DUPLICATE_METHOD_MATCH = YES;
				COPY_PHASE_STRIP = NO;
				DEBUG_INFORMATION_FORMAT = "dwarf-with-dsym";
				ENABLE_NS_ASSERTIONS = NO;
				ENABLE_STRICT_OBJC_MSGSEND = YES;
				ENABLE_USER_SCRIPT_SANDBOXING = YES;
				GCC_C_LANGUAGE_STANDARD = gnu17;
				GCC_NO_COMMON_BLOCKS = YES;
				GCC_WARN_64_TO_32_BIT_CONVERSION = YES;
				GCC_WARN_ABOUT_RETURN_TYPE = YES_ERROR;
				GCC_WARN_UNDECLARED_SELECTOR = YES;
				GCC_WARN_UNINITIALIZED_AUTOS = YES_AGGRESSIVE;
				GCC_WARN_UNUSED_FUNCTION = YES;
				GCC_WARN_UNUSED_VARIABLE = YES;
				IPHONEOS_DEPLOYMENT_TARGET = 17.0;
				LOCALIZATION_PREFERS_STRING_CATALOGS = YES;
				MTL_ENABLE_DEBUG_INFO = NO;
				MTL_FAST_MATH = YES;
				SDKROOT = iphoneos;
				SWIFT_COMPILATION_MODE = wholemodule;
				VALIDATE_PRODUCT = YES;
			};
			name = Release;
		};
		27FA58652B316C2B004AC34A /* Debug */ = {
			isa = XCBuildConfiguration;
			buildSettings = {
				ASSETCATALOG_COMPILER_APPICON_NAME = AppIcon;
				ASSETCATALOG_COMPILER_GLOBAL_ACCENT_COLOR_NAME = AccentColor;
				CODE_SIGN_STYLE = Automatic;
				CURRENT_PROJECT_VERSION = 1;
				DEVELOPMENT_TEAM = 2YW3Q5CP4C;
				GENERATE_INFOPLIST_FILE = YES;
				INFOPLIST_FILE = Market/Resources/Info.plist;
				INFOPLIST_KEY_UIApplicationSupportsIndirectInputEvents = YES;
				INFOPLIST_KEY_UILaunchStoryboardName = LaunchScreen;
				INFOPLIST_KEY_UISupportedInterfaceOrientations = UIInterfaceOrientationPortrait;
				LD_RUNPATH_SEARCH_PATHS = (
					"$(inherited)",
					"@executable_path/Frameworks",
				);
				MARKETING_VERSION = 1.0;
				PRODUCT_BUNDLE_IDENTIFIER = ospanovadinara.Market;
				PRODUCT_NAME = "$(TARGET_NAME)";
				SWIFT_EMIT_LOC_STRINGS = YES;
				SWIFT_VERSION = 5.0;
				TARGETED_DEVICE_FAMILY = "1,2";
			};
			name = Debug;
		};
		27FA58662B316C2B004AC34A /* Release */ = {
			isa = XCBuildConfiguration;
			buildSettings = {
				ASSETCATALOG_COMPILER_APPICON_NAME = AppIcon;
				ASSETCATALOG_COMPILER_GLOBAL_ACCENT_COLOR_NAME = AccentColor;
				CODE_SIGN_STYLE = Automatic;
				CURRENT_PROJECT_VERSION = 1;
				DEVELOPMENT_TEAM = 2YW3Q5CP4C;
				GENERATE_INFOPLIST_FILE = YES;
				INFOPLIST_FILE = Market/Resources/Info.plist;
				INFOPLIST_KEY_UIApplicationSupportsIndirectInputEvents = YES;
				INFOPLIST_KEY_UILaunchStoryboardName = LaunchScreen;
				INFOPLIST_KEY_UISupportedInterfaceOrientations = UIInterfaceOrientationPortrait;
				LD_RUNPATH_SEARCH_PATHS = (
					"$(inherited)",
					"@executable_path/Frameworks",
				);
				MARKETING_VERSION = 1.0;
				PRODUCT_BUNDLE_IDENTIFIER = ospanovadinara.Market;
				PRODUCT_NAME = "$(TARGET_NAME)";
				SWIFT_EMIT_LOC_STRINGS = YES;
				SWIFT_VERSION = 5.0;
				TARGETED_DEVICE_FAMILY = "1,2";
			};
			name = Release;
		};
/* End XCBuildConfiguration section */

/* Begin XCConfigurationList section */
		27FA584B2B316C28004AC34A /* Build configuration list for PBXProject "Market" */ = {
			isa = XCConfigurationList;
			buildConfigurations = (
				27FA58622B316C2B004AC34A /* Debug */,
				27FA58632B316C2B004AC34A /* Release */,
			);
			defaultConfigurationIsVisible = 0;
			defaultConfigurationName = Release;
		};
		27FA58642B316C2B004AC34A /* Build configuration list for PBXNativeTarget "Market" */ = {
			isa = XCConfigurationList;
			buildConfigurations = (
				27FA58652B316C2B004AC34A /* Debug */,
				27FA58662B316C2B004AC34A /* Release */,
			);
			defaultConfigurationIsVisible = 0;
			defaultConfigurationName = Release;
		};
/* End XCConfigurationList section */

/* Begin XCRemoteSwiftPackageReference section */
		27FA58792B318812004AC34A /* XCRemoteSwiftPackageReference "SnapKit" */ = {
			isa = XCRemoteSwiftPackageReference;
			repositoryURL = "https://github.com/SnapKit/SnapKit.git";
			requirement = {
				kind = upToNextMajorVersion;
				minimumVersion = 5.6.0;
			};
		};
/* End XCRemoteSwiftPackageReference section */

/* Begin XCSwiftPackageProductDependency section */
		27FA587A2B318812004AC34A /* SnapKit */ = {
			isa = XCSwiftPackageProductDependency;
			package = 27FA58792B318812004AC34A /* XCRemoteSwiftPackageReference "SnapKit" */;
			productName = SnapKit;
		};
		27FA587C2B318812004AC34A /* SnapKit-Dynamic */ = {
			isa = XCSwiftPackageProductDependency;
			package = 27FA58792B318812004AC34A /* XCRemoteSwiftPackageReference "SnapKit" */;
			productName = "SnapKit-Dynamic";
		};
/* End XCSwiftPackageProductDependency section */
	};
	rootObject = 27FA58482B316C28004AC34A /* Project object */;
}
